
Microsoft Visual Studio Solution File, Format Version 12.00
# Visual Studio Version 17
VisualStudioVersion = 17.0.31903.59
MinimumVisualStudioVersion = 10.0.40219.1
Project("{2150E333-8FDC-42A3-9474-1A3956D46DE8}") = "src", "src", "{B7C18BFB-3257-4DC8-98F3-6E1ECC064DFB}"
EndProject
Project("{FAE04EC0-301F-11D3-BF4B-00C04F79EFBC}") = "VectorSearch", "src\VectorSearch\VectorSearch.csproj", "{121ED3ED-3C26-4253-BD79-D10B3E09B809}"
EndProject
Project("{2150E333-8FDC-42A3-9474-1A3956D46DE8}") = "tests", "tests", "{49B2150F-DA63-4772-9645-6FA2D3F24F5E}"
EndProject
Project("{FAE04EC0-301F-11D3-BF4B-00C04F79EFBC}") = "VectorSearch.Tests", "tests\VectorSearch.Tests\VectorSearch.Tests.csproj", "{BF54C333-3A1B-44C3-B625-00CC38297C50}"
EndProject
Global
	GlobalSection(SolutionConfigurationPlatforms) = preSolution
		Debug|Any CPU = Debug|Any CPU
		Release|Any CPU = Release|Any CPU
	EndGlobalSection
	GlobalSection(SolutionProperties) = preSolution
		HideSolutionNode = FALSE
	EndGlobalSection
	GlobalSection(ProjectConfigurationPlatforms) = postSolution
		{121ED3ED-3C26-4253-BD79-D10B3E09B809}.Debug|Any CPU.ActiveCfg = Debug|Any CPU
		{121ED3ED-3C26-4253-BD79-D10B3E09B809}.Debug|Any CPU.Build.0 = Debug|Any CPU
		{121ED3ED-3C26-4253-BD79-D10B3E09B809}.Release|Any CPU.ActiveCfg = Release|Any CPU
		{121ED3ED-3C26-4253-BD79-D10B3E09B809}.Release|Any CPU.Build.0 = Release|Any CPU
		{BF54C333-3A1B-44C3-B625-00CC38297C50}.Debug|Any CPU.ActiveCfg = Debug|Any CPU
		{BF54C333-3A1B-44C3-B625-00CC38297C50}.Debug|Any CPU.Build.0 = Debug|Any CPU
		{BF54C333-3A1B-44C3-B625-00CC38297C50}.Release|Any CPU.ActiveCfg = Release|Any CPU
		{BF54C333-3A1B-44C3-B625-00CC38297C50}.Release|Any CPU.Build.0 = Release|Any CPU
	EndGlobalSection
	GlobalSection(NestedProjects) = preSolution
		{121ED3ED-3C26-4253-BD79-D10B3E09B809} = {B7C18BFB-3257-4DC8-98F3-6E1ECC064DFB}
		{BF54C333-3A1B-44C3-B625-00CC38297C50} = {49B2150F-DA63-4772-9645-6FA2D3F24F5E}
	EndGlobalSection
EndGlobal
